
Microsoft Visual Studio Solution File, Format Version 12.00
# Visual Studio 15
VisualStudioVersion = 15.0.27130.2003
MinimumVisualStudioVersion = 10.0.40219.1
Project("{FAE04EC0-301F-11D3-BF4B-00C04F79EFBC}") = "Telemetry Play Card Converter", "Jhochstedler\Telemetry Play Card Converter.csproj", "{D332BE71-6567-402E-8E32-6102A5A534C5}"
EndProject
Project("{54435603-DBB4-11D2-8724-00A0C9A8B90C}") = "Visio Maker Setup", "Visio Maker Setup\Visio Maker Setup.vdproj", "{176742A1-2BDA-4D58-8A1D-FFE3A96E1A22}"
EndProject
Global
	GlobalSection(SolutionConfigurationPlatforms) = preSolution
		Debug|Any CPU = Debug|Any CPU
		Release|Any CPU = Release|Any CPU
	EndGlobalSection
	GlobalSection(ProjectConfigurationPlatforms) = postSolution
		{D332BE71-6567-402E-8E32-6102A5A534C5}.Debug|Any CPU.ActiveCfg = Debug|Any CPU
		{D332BE71-6567-402E-8E32-6102A5A534C5}.Debug|Any CPU.Build.0 = Debug|Any CPU
		{D332BE71-6567-402E-8E32-6102A5A534C5}.Release|Any CPU.ActiveCfg = Release|Any CPU
		{D332BE71-6567-402E-8E32-6102A5A534C5}.Release|Any CPU.Build.0 = Release|Any CPU
		{176742A1-2BDA-4D58-8A1D-FFE3A96E1A22}.Debug|Any CPU.ActiveCfg = Debug
		{176742A1-2BDA-4D58-8A1D-FFE3A96E1A22}.Release|Any CPU.ActiveCfg = Release
	EndGlobalSection
	GlobalSection(SolutionProperties) = preSolution
		HideSolutionNode = FALSE
	EndGlobalSection
	GlobalSection(ExtensibilityGlobals) = postSolution
		SolutionGuid = {0BBE7C67-38EF-430F-B3AB-298F55211E9C}
	EndGlobalSection
EndGlobal
